// !$*UTF8*$!
{
	archiveVersion = 1;
	classes = {
	};
	objectVersion = 55;
	objects = {

/* Begin PBXBuildFile section */
		E1C313FD26CD8DD1008879FD /* ShareSheet.swift in Sources */ = {isa = PBXBuildFile; fileRef = E1C313FC26CD8DD1008879FD /* ShareSheet.swift */; };
		E1E0443326CC74FB0024A12B /* ContentView.swift in Sources */ = {isa = PBXBuildFile; fileRef = E1E0443226CC74FB0024A12B /* ContentView.swift */; };
		E1E0443526CC74FE0024A12B /* Assets.xcassets in Resources */ = {isa = PBXBuildFile; fileRef = E1E0443426CC74FE0024A12B /* Assets.xcassets */; };
		E1E0443826CC74FE0024A12B /* Preview Assets.xcassets in Resources */ = {isa = PBXBuildFile; fileRef = E1E0443726CC74FE0024A12B /* Preview Assets.xcassets */; };
		E1E0443C26CC74FE0024A12B /* CovidHRV WatchKit App.app in Embed Watch Content */ = {isa = PBXBuildFile; fileRef = E1E0443B26CC74FE0024A12B /* CovidHRV WatchKit App.app */; settings = {ATTRIBUTES = (RemoveHeadersOnCopy, ); }; };
		E1E0444126CC75010024A12B /* Assets.xcassets in Resources */ = {isa = PBXBuildFile; fileRef = E1E0444026CC75010024A12B /* Assets.xcassets */; };
		E1E0444726CC75010024A12B /* CovidHRV WatchKit Extension.appex in Embed App Extensions */ = {isa = PBXBuildFile; fileRef = E1E0444626CC75010024A12B /* CovidHRV WatchKit Extension.appex */; settings = {ATTRIBUTES = (RemoveHeadersOnCopy, ); }; };
		E1E0444C26CC75010024A12B /* CovidHRVApp.swift in Sources */ = {isa = PBXBuildFile; fileRef = E1E0444B26CC75010024A12B /* CovidHRVApp.swift */; };
		E1E0444E26CC75010024A12B /* ContentView.swift in Sources */ = {isa = PBXBuildFile; fileRef = E1E0444D26CC75010024A12B /* ContentView.swift */; };
		E1E0445026CC75010024A12B /* NotificationController.swift in Sources */ = {isa = PBXBuildFile; fileRef = E1E0444F26CC75010024A12B /* NotificationController.swift */; };
		E1E0445226CC75010024A12B /* NotificationView.swift in Sources */ = {isa = PBXBuildFile; fileRef = E1E0445126CC75010024A12B /* NotificationView.swift */; };
		E1E0445426CC75010024A12B /* ComplicationController.swift in Sources */ = {isa = PBXBuildFile; fileRef = E1E0445326CC75010024A12B /* ComplicationController.swift */; };
		E1E0445626CC75020024A12B /* Assets.xcassets in Resources */ = {isa = PBXBuildFile; fileRef = E1E0445526CC75020024A12B /* Assets.xcassets */; };
		E1E0445926CC75020024A12B /* Preview Assets.xcassets in Resources */ = {isa = PBXBuildFile; fileRef = E1E0445826CC75020024A12B /* Preview Assets.xcassets */; };
		E1E0446A26CC75EF0024A12B /* Health.swift in Sources */ = {isa = PBXBuildFile; fileRef = E1E0446926CC75EF0024A12B /* Health.swift */; };
		E1E0446D26CC76450024A12B /* HealthData.swift in Sources */ = {isa = PBXBuildFile; fileRef = E1E0446C26CC76450024A12B /* HealthData.swift */; };
		E1E0446F26CC764D0024A12B /* TimeData.swift in Sources */ = {isa = PBXBuildFile; fileRef = E1E0446E26CC764D0024A12B /* TimeData.swift */; };
		E1E0447226CC77FE0024A12B /* ML.swift in Sources */ = {isa = PBXBuildFile; fileRef = E1E0447126CC77FE0024A12B /* ML.swift */; };
		E1E0447526CC780A0024A12B /* MLData.swift in Sources */ = {isa = PBXBuildFile; fileRef = E1E0447426CC780A0024A12B /* MLData.swift */; };
		E1E0447726CC79E50024A12B /* HomeView.swift in Sources */ = {isa = PBXBuildFile; fileRef = E1E0447626CC79E50024A12B /* HomeView.swift */; };
		E1E0447A26CC7A790024A12B /* OnboardingView.swift in Sources */ = {isa = PBXBuildFile; fileRef = E1E0447926CC7A790024A12B /* OnboardingView.swift */; };
		E1E0447C26CC7A980024A12B /* Onboarding.swift in Sources */ = {isa = PBXBuildFile; fileRef = E1E0447B26CC7A980024A12B /* Onboarding.swift */; };
		E1E0447F26CC7CD30024A12B /* NiceNotifications in Frameworks */ = {isa = PBXBuildFile; productRef = E1E0447E26CC7CD30024A12B /* NiceNotifications */; };
		E1E0448226CCDC4E0024A12B /* Extensions.swift in Sources */ = {isa = PBXBuildFile; fileRef = E1E0448126CCDC4E0024A12B /* Extensions.swift */; };
		E1E0448426CCDD1F0024A12B /* FeelingScoreView.swift in Sources */ = {isa = PBXBuildFile; fileRef = E1E0448326CCDD1F0024A12B /* FeelingScoreView.swift */; };
		E1E0449B26CCDF830024A12B /* BarChartView.swift in Sources */ = {isa = PBXBuildFile; fileRef = E1E0448726CCDF830024A12B /* BarChartView.swift */; };
		E1E0449C26CCDF830024A12B /* BarChartRow.swift in Sources */ = {isa = PBXBuildFile; fileRef = E1E0448826CCDF830024A12B /* BarChartRow.swift */; };
		E1E0449D26CCDF830024A12B /* LabelView.swift in Sources */ = {isa = PBXBuildFile; fileRef = E1E0448926CCDF830024A12B /* LabelView.swift */; };
		E1E0449E26CCDF830024A12B /* BarChartCell.swift in Sources */ = {isa = PBXBuildFile; fileRef = E1E0448A26CCDF830024A12B /* BarChartCell.swift */; };
		E1E0449F26CCDF830024A12B /* ChartView.swift in Sources */ = {isa = PBXBuildFile; fileRef = E1E0448B26CCDF830024A12B /* ChartView.swift */; };
		E1E044A026CCDF830024A12B /* Helpers.swift in Sources */ = {isa = PBXBuildFile; fileRef = E1E0448C26CCDF830024A12B /* Helpers.swift */; };
		E1E044A126CCDF830024A12B /* PieChartRow.swift in Sources */ = {isa = PBXBuildFile; fileRef = E1E0448E26CCDF830024A12B /* PieChartRow.swift */; };
		E1E044A226CCDF830024A12B /* PieChartHelpers.swift in Sources */ = {isa = PBXBuildFile; fileRef = E1E0448F26CCDF830024A12B /* PieChartHelpers.swift */; };
		E1E044A326CCDF830024A12B /* PieChartCell.swift in Sources */ = {isa = PBXBuildFile; fileRef = E1E0449026CCDF830024A12B /* PieChartCell.swift */; };
		E1E044A426CCDF830024A12B /* PieChartView.swift in Sources */ = {isa = PBXBuildFile; fileRef = E1E0449126CCDF830024A12B /* PieChartView.swift */; };
		E1E044A526CCDF830024A12B /* IndicatorPoint.swift in Sources */ = {isa = PBXBuildFile; fileRef = E1E0449326CCDF830024A12B /* IndicatorPoint.swift */; };
		E1E044A626CCDF830024A12B /* LineView.swift in Sources */ = {isa = PBXBuildFile; fileRef = E1E0449426CCDF830024A12B /* LineView.swift */; };
		E1E044A726CCDF830024A12B /* Legend.swift in Sources */ = {isa = PBXBuildFile; fileRef = E1E0449526CCDF830024A12B /* Legend.swift */; };
		E1E044A826CCDF830024A12B /* LineChartView.swift in Sources */ = {isa = PBXBuildFile; fileRef = E1E0449626CCDF830024A12B /* LineChartView.swift */; };
		E1E044A926CCDF830024A12B /* MagnifierRect.swift in Sources */ = {isa = PBXBuildFile; fileRef = E1E0449726CCDF830024A12B /* MagnifierRect.swift */; };
		E1E044AA26CCDF830024A12B /* Path+QuadCurve.swift in Sources */ = {isa = PBXBuildFile; fileRef = E1E0449826CCDF830024A12B /* Path+QuadCurve.swift */; };
		E1E044AB26CCDF830024A12B /* MultiLineChartView.swift in Sources */ = {isa = PBXBuildFile; fileRef = E1E0449926CCDF830024A12B /* MultiLineChartView.swift */; };
		E1E044AC26CCDF830024A12B /* Line.swift in Sources */ = {isa = PBXBuildFile; fileRef = E1E0449A26CCDF830024A12B /* Line.swift */; };
		E1E044B126CCE43C0024A12B /* CardView.swift in Sources */ = {isa = PBXBuildFile; fileRef = E1E044B026CCE43C0024A12B /* CardView.swift */; };
		E1E044B326CCE4E80024A12B /* Card.swift in Sources */ = {isa = PBXBuildFile; fileRef = E1E044B226CCE4E80024A12B /* Card.swift */; };
		E1E044B526CCEA260024A12B /* CTAButtonStyle.swift in Sources */ = {isa = PBXBuildFile; fileRef = E1E044B426CCEA260024A12B /* CTAButtonStyle.swift */; };
		E1E044B826CCEDC10024A12B /* RiskCardView.swift in Sources */ = {isa = PBXBuildFile; fileRef = E1E044B726CCEDC10024A12B /* RiskCardView.swift */; };
		E1E044CD26CCF06A0024A12B /* Poppins-ExtraLight.ttf in Resources */ = {isa = PBXBuildFile; fileRef = E1E044BA26CCF06A0024A12B /* Poppins-ExtraLight.ttf */; };
		E1E044CE26CCF06A0024A12B /* Poppins-ThinItalic.ttf in Resources */ = {isa = PBXBuildFile; fileRef = E1E044BB26CCF06A0024A12B /* Poppins-ThinItalic.ttf */; };
		E1E044CF26CCF06A0024A12B /* Poppins-ExtraLightItalic.ttf in Resources */ = {isa = PBXBuildFile; fileRef = E1E044BC26CCF06A0024A12B /* Poppins-ExtraLightItalic.ttf */; };
		E1E044D026CCF06A0024A12B /* Poppins-BoldItalic.ttf in Resources */ = {isa = PBXBuildFile; fileRef = E1E044BD26CCF06A0024A12B /* Poppins-BoldItalic.ttf */; };
		E1E044D126CCF06A0024A12B /* Poppins-Light.ttf in Resources */ = {isa = PBXBuildFile; fileRef = E1E044BE26CCF06A0024A12B /* Poppins-Light.ttf */; };
		E1E044D226CCF06A0024A12B /* Poppins-Medium.ttf in Resources */ = {isa = PBXBuildFile; fileRef = E1E044BF26CCF06A0024A12B /* Poppins-Medium.ttf */; };
		E1E044D326CCF06A0024A12B /* Poppins-SemiBoldItalic.ttf in Resources */ = {isa = PBXBuildFile; fileRef = E1E044C026CCF06A0024A12B /* Poppins-SemiBoldItalic.ttf */; };
		E1E044D426CCF06A0024A12B /* Poppins-ExtraBoldItalic.ttf in Resources */ = {isa = PBXBuildFile; fileRef = E1E044C126CCF06A0024A12B /* Poppins-ExtraBoldItalic.ttf */; };
		E1E044D526CCF06A0024A12B /* Poppins-ExtraBold.ttf in Resources */ = {isa = PBXBuildFile; fileRef = E1E044C226CCF06A0024A12B /* Poppins-ExtraBold.ttf */; };
		E1E044D626CCF06A0024A12B /* Poppins-BlackItalic.ttf in Resources */ = {isa = PBXBuildFile; fileRef = E1E044C326CCF06A0024A12B /* Poppins-BlackItalic.ttf */; };
		E1E044D726CCF06A0024A12B /* OFL.txt in Resources */ = {isa = PBXBuildFile; fileRef = E1E044C426CCF06A0024A12B /* OFL.txt */; };
		E1E044D826CCF06A0024A12B /* Poppins-Regular.ttf in Resources */ = {isa = PBXBuildFile; fileRef = E1E044C526CCF06A0024A12B /* Poppins-Regular.ttf */; };
		E1E044D926CCF06A0024A12B /* Poppins-LightItalic.ttf in Resources */ = {isa = PBXBuildFile; fileRef = E1E044C626CCF06A0024A12B /* Poppins-LightItalic.ttf */; };
		E1E044DA26CCF06A0024A12B /* Poppins-Bold.ttf in Resources */ = {isa = PBXBuildFile; fileRef = E1E044C726CCF06A0024A12B /* Poppins-Bold.ttf */; };
		E1E044DB26CCF06A0024A12B /* Poppins-Black.ttf in Resources */ = {isa = PBXBuildFile; fileRef = E1E044C826CCF06A0024A12B /* Poppins-Black.ttf */; };
		E1E044DC26CCF06A0024A12B /* Poppins-Thin.ttf in Resources */ = {isa = PBXBuildFile; fileRef = E1E044C926CCF06A0024A12B /* Poppins-Thin.ttf */; };
		E1E044DD26CCF06A0024A12B /* Poppins-SemiBold.ttf in Resources */ = {isa = PBXBuildFile; fileRef = E1E044CA26CCF06A0024A12B /* Poppins-SemiBold.ttf */; };
		E1E044DE26CCF06A0024A12B /* Poppins-Italic.ttf in Resources */ = {isa = PBXBuildFile; fileRef = E1E044CB26CCF06A0024A12B /* Poppins-Italic.ttf */; };
		E1E044DF26CCF06A0024A12B /* Poppins-MediumItalic.ttf in Resources */ = {isa = PBXBuildFile; fileRef = E1E044CC26CCF06A0024A12B /* Poppins-MediumItalic.ttf */; };
		E1E044E426CCF22B0024A12B /* HealthKit.framework in Frameworks */ = {isa = PBXBuildFile; fileRef = E1E044E326CCF22B0024A12B /* HealthKit.framework */; };
		E1E044E726CD3C420024A12B /* SFSafeSymbols in Frameworks */ = {isa = PBXBuildFile; productRef = E1E044E626CD3C420024A12B /* SFSafeSymbols */; };
		E1E044E926CD58680024A12B /* DataView.swift in Sources */ = {isa = PBXBuildFile; fileRef = E1E044E826CD58680024A12B /* DataView.swift */; };
		E1E6086226CE8D5100AAA06F /* CovidHRVApp.swift in Sources */ = {isa = PBXBuildFile; fileRef = E1E6086126CE8D5100AAA06F /* CovidHRVApp.swift */; };
/* End PBXBuildFile section */

/* Begin PBXContainerItemProxy section */
		E1E0443D26CC74FE0024A12B /* PBXContainerItemProxy */ = {
			isa = PBXContainerItemProxy;
			containerPortal = E1E0442526CC74FA0024A12B /* Project object */;
			proxyType = 1;
			remoteGlobalIDString = E1E0443A26CC74FE0024A12B;
			remoteInfo = "CovidHRV WatchKit App";
		};
		E1E0444826CC75010024A12B /* PBXContainerItemProxy */ = {
			isa = PBXContainerItemProxy;
			containerPortal = E1E0442526CC74FA0024A12B /* Project object */;
			proxyType = 1;
			remoteGlobalIDString = E1E0444526CC75010024A12B;
			remoteInfo = "CovidHRV WatchKit Extension";
		};
/* End PBXContainerItemProxy section */

/* Begin PBXCopyFilesBuildPhase section */
		E1E0446126CC75020024A12B /* Embed App Extensions */ = {
			isa = PBXCopyFilesBuildPhase;
			buildActionMask = 2147483647;
			dstPath = "";
			dstSubfolderSpec = 13;
			files = (
				E1E0444726CC75010024A12B /* CovidHRV WatchKit Extension.appex in Embed App Extensions */,
			);
			name = "Embed App Extensions";
			runOnlyForDeploymentPostprocessing = 0;
		};
		E1E0446526CC75020024A12B /* Embed Watch Content */ = {
			isa = PBXCopyFilesBuildPhase;
			buildActionMask = 2147483647;
			dstPath = "$(CONTENTS_FOLDER_PATH)/Watch";
			dstSubfolderSpec = 16;
			files = (
				E1E0443C26CC74FE0024A12B /* CovidHRV WatchKit App.app in Embed Watch Content */,
			);
			name = "Embed Watch Content";
			runOnlyForDeploymentPostprocessing = 0;
		};
/* End PBXCopyFilesBuildPhase section */

/* Begin PBXFileReference section */
		E1C313FC26CD8DD1008879FD /* ShareSheet.swift */ = {isa = PBXFileReference; lastKnownFileType = sourcecode.swift; path = ShareSheet.swift; sourceTree = "<group>"; };
		E1E0442D26CC74FB0024A12B /* CovidHRV.app */ = {isa = PBXFileReference; explicitFileType = wrapper.application; includeInIndex = 0; path = CovidHRV.app; sourceTree = BUILT_PRODUCTS_DIR; };
		E1E0443226CC74FB0024A12B /* ContentView.swift */ = {isa = PBXFileReference; lastKnownFileType = sourcecode.swift; path = ContentView.swift; sourceTree = "<group>"; };
		E1E0443426CC74FE0024A12B /* Assets.xcassets */ = {isa = PBXFileReference; lastKnownFileType = folder.assetcatalog; path = Assets.xcassets; sourceTree = "<group>"; };
		E1E0443726CC74FE0024A12B /* Preview Assets.xcassets */ = {isa = PBXFileReference; lastKnownFileType = folder.assetcatalog; path = "Preview Assets.xcassets"; sourceTree = "<group>"; };
		E1E0443B26CC74FE0024A12B /* CovidHRV WatchKit App.app */ = {isa = PBXFileReference; explicitFileType = wrapper.application; includeInIndex = 0; path = "CovidHRV WatchKit App.app"; sourceTree = BUILT_PRODUCTS_DIR; };
		E1E0444026CC75010024A12B /* Assets.xcassets */ = {isa = PBXFileReference; lastKnownFileType = folder.assetcatalog; path = Assets.xcassets; sourceTree = "<group>"; };
		E1E0444626CC75010024A12B /* CovidHRV WatchKit Extension.appex */ = {isa = PBXFileReference; explicitFileType = "wrapper.app-extension"; includeInIndex = 0; path = "CovidHRV WatchKit Extension.appex"; sourceTree = BUILT_PRODUCTS_DIR; };
		E1E0444B26CC75010024A12B /* CovidHRVApp.swift */ = {isa = PBXFileReference; lastKnownFileType = sourcecode.swift; path = CovidHRVApp.swift; sourceTree = "<group>"; };
		E1E0444D26CC75010024A12B /* ContentView.swift */ = {isa = PBXFileReference; lastKnownFileType = sourcecode.swift; path = ContentView.swift; sourceTree = "<group>"; };
		E1E0444F26CC75010024A12B /* NotificationController.swift */ = {isa = PBXFileReference; lastKnownFileType = sourcecode.swift; path = NotificationController.swift; sourceTree = "<group>"; };
		E1E0445126CC75010024A12B /* NotificationView.swift */ = {isa = PBXFileReference; lastKnownFileType = sourcecode.swift; path = NotificationView.swift; sourceTree = "<group>"; };
		E1E0445326CC75010024A12B /* ComplicationController.swift */ = {isa = PBXFileReference; lastKnownFileType = sourcecode.swift; path = ComplicationController.swift; sourceTree = "<group>"; };
		E1E0445526CC75020024A12B /* Assets.xcassets */ = {isa = PBXFileReference; lastKnownFileType = folder.assetcatalog; path = Assets.xcassets; sourceTree = "<group>"; };
		E1E0445826CC75020024A12B /* Preview Assets.xcassets */ = {isa = PBXFileReference; lastKnownFileType = folder.assetcatalog; path = "Preview Assets.xcassets"; sourceTree = "<group>"; };
		E1E0445A26CC75020024A12B /* Info.plist */ = {isa = PBXFileReference; lastKnownFileType = text.plist.xml; path = Info.plist; sourceTree = "<group>"; };
		E1E0445B26CC75020024A12B /* PushNotificationPayload.apns */ = {isa = PBXFileReference; lastKnownFileType = text; path = PushNotificationPayload.apns; sourceTree = "<group>"; };
		E1E0446926CC75EF0024A12B /* Health.swift */ = {isa = PBXFileReference; lastKnownFileType = sourcecode.swift; path = Health.swift; sourceTree = "<group>"; };
		E1E0446C26CC76450024A12B /* HealthData.swift */ = {isa = PBXFileReference; lastKnownFileType = sourcecode.swift; path = HealthData.swift; sourceTree = "<group>"; };
		E1E0446E26CC764D0024A12B /* TimeData.swift */ = {isa = PBXFileReference; lastKnownFileType = sourcecode.swift; path = TimeData.swift; sourceTree = "<group>"; };
		E1E0447126CC77FE0024A12B /* ML.swift */ = {isa = PBXFileReference; lastKnownFileType = sourcecode.swift; path = ML.swift; sourceTree = "<group>"; };
		E1E0447426CC780A0024A12B /* MLData.swift */ = {isa = PBXFileReference; lastKnownFileType = sourcecode.swift; path = MLData.swift; sourceTree = "<group>"; };
		E1E0447626CC79E50024A12B /* HomeView.swift */ = {isa = PBXFileReference; lastKnownFileType = sourcecode.swift; path = HomeView.swift; sourceTree = "<group>"; };
		E1E0447926CC7A790024A12B /* OnboardingView.swift */ = {isa = PBXFileReference; lastKnownFileType = sourcecode.swift; path = OnboardingView.swift; sourceTree = "<group>"; };
		E1E0447B26CC7A980024A12B /* Onboarding.swift */ = {isa = PBXFileReference; lastKnownFileType = sourcecode.swift; path = Onboarding.swift; sourceTree = "<group>"; };
		E1E0448126CCDC4E0024A12B /* Extensions.swift */ = {isa = PBXFileReference; lastKnownFileType = sourcecode.swift; path = Extensions.swift; sourceTree = "<group>"; };
		E1E0448326CCDD1F0024A12B /* FeelingScoreView.swift */ = {isa = PBXFileReference; lastKnownFileType = sourcecode.swift; path = FeelingScoreView.swift; sourceTree = "<group>"; };
		E1E0448726CCDF830024A12B /* BarChartView.swift */ = {isa = PBXFileReference; fileEncoding = 4; lastKnownFileType = sourcecode.swift; path = BarChartView.swift; sourceTree = "<group>"; };
		E1E0448826CCDF830024A12B /* BarChartRow.swift */ = {isa = PBXFileReference; fileEncoding = 4; lastKnownFileType = sourcecode.swift; path = BarChartRow.swift; sourceTree = "<group>"; };
		E1E0448926CCDF830024A12B /* LabelView.swift */ = {isa = PBXFileReference; fileEncoding = 4; lastKnownFileType = sourcecode.swift; path = LabelView.swift; sourceTree = "<group>"; };
		E1E0448A26CCDF830024A12B /* BarChartCell.swift */ = {isa = PBXFileReference; fileEncoding = 4; lastKnownFileType = sourcecode.swift; path = BarChartCell.swift; sourceTree = "<group>"; };
		E1E0448B26CCDF830024A12B /* ChartView.swift */ = {isa = PBXFileReference; fileEncoding = 4; lastKnownFileType = sourcecode.swift; path = ChartView.swift; sourceTree = "<group>"; };
		E1E0448C26CCDF830024A12B /* Helpers.swift */ = {isa = PBXFileReference; fileEncoding = 4; lastKnownFileType = sourcecode.swift; path = Helpers.swift; sourceTree = "<group>"; };
		E1E0448E26CCDF830024A12B /* PieChartRow.swift */ = {isa = PBXFileReference; fileEncoding = 4; lastKnownFileType = sourcecode.swift; path = PieChartRow.swift; sourceTree = "<group>"; };
		E1E0448F26CCDF830024A12B /* PieChartHelpers.swift */ = {isa = PBXFileReference; fileEncoding = 4; lastKnownFileType = sourcecode.swift; path = PieChartHelpers.swift; sourceTree = "<group>"; };
		E1E0449026CCDF830024A12B /* PieChartCell.swift */ = {isa = PBXFileReference; fileEncoding = 4; lastKnownFileType = sourcecode.swift; path = PieChartCell.swift; sourceTree = "<group>"; };
		E1E0449126CCDF830024A12B /* PieChartView.swift */ = {isa = PBXFileReference; fileEncoding = 4; lastKnownFileType = sourcecode.swift; path = PieChartView.swift; sourceTree = "<group>"; };
		E1E0449326CCDF830024A12B /* IndicatorPoint.swift */ = {isa = PBXFileReference; fileEncoding = 4; lastKnownFileType = sourcecode.swift; path = IndicatorPoint.swift; sourceTree = "<group>"; };
		E1E0449426CCDF830024A12B /* LineView.swift */ = {isa = PBXFileReference; fileEncoding = 4; lastKnownFileType = sourcecode.swift; path = LineView.swift; sourceTree = "<group>"; };
		E1E0449526CCDF830024A12B /* Legend.swift */ = {isa = PBXFileReference; fileEncoding = 4; lastKnownFileType = sourcecode.swift; path = Legend.swift; sourceTree = "<group>"; };
		E1E0449626CCDF830024A12B /* LineChartView.swift */ = {isa = PBXFileReference; fileEncoding = 4; lastKnownFileType = sourcecode.swift; path = LineChartView.swift; sourceTree = "<group>"; };
		E1E0449726CCDF830024A12B /* MagnifierRect.swift */ = {isa = PBXFileReference; fileEncoding = 4; lastKnownFileType = sourcecode.swift; path = MagnifierRect.swift; sourceTree = "<group>"; };
		E1E0449826CCDF830024A12B /* Path+QuadCurve.swift */ = {isa = PBXFileReference; fileEncoding = 4; lastKnownFileType = sourcecode.swift; path = "Path+QuadCurve.swift"; sourceTree = "<group>"; };
		E1E0449926CCDF830024A12B /* MultiLineChartView.swift */ = {isa = PBXFileReference; fileEncoding = 4; lastKnownFileType = sourcecode.swift; path = MultiLineChartView.swift; sourceTree = "<group>"; };
		E1E0449A26CCDF830024A12B /* Line.swift */ = {isa = PBXFileReference; fileEncoding = 4; lastKnownFileType = sourcecode.swift; path = Line.swift; sourceTree = "<group>"; };
		E1E044B026CCE43C0024A12B /* CardView.swift */ = {isa = PBXFileReference; lastKnownFileType = sourcecode.swift; path = CardView.swift; sourceTree = "<group>"; };
		E1E044B226CCE4E80024A12B /* Card.swift */ = {isa = PBXFileReference; lastKnownFileType = sourcecode.swift; path = Card.swift; sourceTree = "<group>"; };
		E1E044B426CCEA260024A12B /* CTAButtonStyle.swift */ = {isa = PBXFileReference; lastKnownFileType = sourcecode.swift; path = CTAButtonStyle.swift; sourceTree = "<group>"; };
		E1E044B726CCEDC10024A12B /* RiskCardView.swift */ = {isa = PBXFileReference; lastKnownFileType = sourcecode.swift; path = RiskCardView.swift; sourceTree = "<group>"; };
		E1E044BA26CCF06A0024A12B /* Poppins-ExtraLight.ttf */ = {isa = PBXFileReference; lastKnownFileType = file; path = "Poppins-ExtraLight.ttf"; sourceTree = "<group>"; };
		E1E044BB26CCF06A0024A12B /* Poppins-ThinItalic.ttf */ = {isa = PBXFileReference; lastKnownFileType = file; path = "Poppins-ThinItalic.ttf"; sourceTree = "<group>"; };
		E1E044BC26CCF06A0024A12B /* Poppins-ExtraLightItalic.ttf */ = {isa = PBXFileReference; lastKnownFileType = file; path = "Poppins-ExtraLightItalic.ttf"; sourceTree = "<group>"; };
		E1E044BD26CCF06A0024A12B /* Poppins-BoldItalic.ttf */ = {isa = PBXFileReference; lastKnownFileType = file; path = "Poppins-BoldItalic.ttf"; sourceTree = "<group>"; };
		E1E044BE26CCF06A0024A12B /* Poppins-Light.ttf */ = {isa = PBXFileReference; lastKnownFileType = file; path = "Poppins-Light.ttf"; sourceTree = "<group>"; };
		E1E044BF26CCF06A0024A12B /* Poppins-Medium.ttf */ = {isa = PBXFileReference; lastKnownFileType = file; path = "Poppins-Medium.ttf"; sourceTree = "<group>"; };
		E1E044C026CCF06A0024A12B /* Poppins-SemiBoldItalic.ttf */ = {isa = PBXFileReference; lastKnownFileType = file; path = "Poppins-SemiBoldItalic.ttf"; sourceTree = "<group>"; };
		E1E044C126CCF06A0024A12B /* Poppins-ExtraBoldItalic.ttf */ = {isa = PBXFileReference; lastKnownFileType = file; path = "Poppins-ExtraBoldItalic.ttf"; sourceTree = "<group>"; };
		E1E044C226CCF06A0024A12B /* Poppins-ExtraBold.ttf */ = {isa = PBXFileReference; lastKnownFileType = file; path = "Poppins-ExtraBold.ttf"; sourceTree = "<group>"; };
		E1E044C326CCF06A0024A12B /* Poppins-BlackItalic.ttf */ = {isa = PBXFileReference; lastKnownFileType = file; path = "Poppins-BlackItalic.ttf"; sourceTree = "<group>"; };
		E1E044C426CCF06A0024A12B /* OFL.txt */ = {isa = PBXFileReference; fileEncoding = 4; lastKnownFileType = text; path = OFL.txt; sourceTree = "<group>"; };
		E1E044C526CCF06A0024A12B /* Poppins-Regular.ttf */ = {isa = PBXFileReference; lastKnownFileType = file; path = "Poppins-Regular.ttf"; sourceTree = "<group>"; };
		E1E044C626CCF06A0024A12B /* Poppins-LightItalic.ttf */ = {isa = PBXFileReference; lastKnownFileType = file; path = "Poppins-LightItalic.ttf"; sourceTree = "<group>"; };
		E1E044C726CCF06A0024A12B /* Poppins-Bold.ttf */ = {isa = PBXFileReference; lastKnownFileType = file; path = "Poppins-Bold.ttf"; sourceTree = "<group>"; };
		E1E044C826CCF06A0024A12B /* Poppins-Black.ttf */ = {isa = PBXFileReference; lastKnownFileType = file; path = "Poppins-Black.ttf"; sourceTree = "<group>"; };
		E1E044C926CCF06A0024A12B /* Poppins-Thin.ttf */ = {isa = PBXFileReference; lastKnownFileType = file; path = "Poppins-Thin.ttf"; sourceTree = "<group>"; };
		E1E044CA26CCF06A0024A12B /* Poppins-SemiBold.ttf */ = {isa = PBXFileReference; lastKnownFileType = file; path = "Poppins-SemiBold.ttf"; sourceTree = "<group>"; };
		E1E044CB26CCF06A0024A12B /* Poppins-Italic.ttf */ = {isa = PBXFileReference; lastKnownFileType = file; path = "Poppins-Italic.ttf"; sourceTree = "<group>"; };
		E1E044CC26CCF06A0024A12B /* Poppins-MediumItalic.ttf */ = {isa = PBXFileReference; lastKnownFileType = file; path = "Poppins-MediumItalic.ttf"; sourceTree = "<group>"; };
		E1E044E026CCF0930024A12B /* Info.plist */ = {isa = PBXFileReference; lastKnownFileType = text.plist; path = Info.plist; sourceTree = "<group>"; };
		E1E044E126CCF22B0024A12B /* CovidHRV.entitlements */ = {isa = PBXFileReference; lastKnownFileType = text.plist.entitlements; path = CovidHRV.entitlements; sourceTree = "<group>"; };
		E1E044E326CCF22B0024A12B /* HealthKit.framework */ = {isa = PBXFileReference; lastKnownFileType = wrapper.framework; name = HealthKit.framework; path = Platforms/iPhoneOS.platform/Developer/SDKs/iPhoneOS15.0.sdk/System/Library/Frameworks/HealthKit.framework; sourceTree = DEVELOPER_DIR; };
		E1E044E826CD58680024A12B /* DataView.swift */ = {isa = PBXFileReference; lastKnownFileType = sourcecode.swift; path = DataView.swift; sourceTree = "<group>"; };
		E1E6086126CE8D5100AAA06F /* CovidHRVApp.swift */ = {isa = PBXFileReference; fileEncoding = 4; lastKnownFileType = sourcecode.swift; path = CovidHRVApp.swift; sourceTree = "<group>"; };
/* End PBXFileReference section */

/* Begin PBXFrameworksBuildPhase section */
		E1E0442A26CC74FB0024A12B /* Frameworks */ = {
			isa = PBXFrameworksBuildPhase;
			buildActionMask = 2147483647;
			files = (
				E1E044E726CD3C420024A12B /* SFSafeSymbols in Frameworks */,
				E1E0447F26CC7CD30024A12B /* NiceNotifications in Frameworks */,
				E1E044E426CCF22B0024A12B /* HealthKit.framework in Frameworks */,
			);
			runOnlyForDeploymentPostprocessing = 0;
		};
		E1E0444326CC75010024A12B /* Frameworks */ = {
			isa = PBXFrameworksBuildPhase;
			buildActionMask = 2147483647;
			files = (
			);
			runOnlyForDeploymentPostprocessing = 0;
		};
/* End PBXFrameworksBuildPhase section */

/* Begin PBXGroup section */
		E1E0442426CC74FA0024A12B = {
			isa = PBXGroup;
			children = (
				E1E0442F26CC74FB0024A12B /* CovidHRV */,
				E1E0443F26CC74FE0024A12B /* CovidHRV WatchKit App */,
				E1E0444A26CC75010024A12B /* CovidHRV WatchKit Extension */,
				E1E0442E26CC74FB0024A12B /* Products */,
				E1E044E226CCF22B0024A12B /* Frameworks */,
			);
			sourceTree = "<group>";
		};
		E1E0442E26CC74FB0024A12B /* Products */ = {
			isa = PBXGroup;
			children = (
				E1E0442D26CC74FB0024A12B /* CovidHRV.app */,
				E1E0443B26CC74FE0024A12B /* CovidHRV WatchKit App.app */,
				E1E0444626CC75010024A12B /* CovidHRV WatchKit Extension.appex */,
			);
			name = Products;
			sourceTree = "<group>";
		};
		E1E0442F26CC74FB0024A12B /* CovidHRV */ = {
			isa = PBXGroup;
			children = (
				E1E044E126CCF22B0024A12B /* CovidHRV.entitlements */,
				E1E044E026CCF0930024A12B /* Info.plist */,
				E1E6086126CE8D5100AAA06F /* CovidHRVApp.swift */,
				E1E0448126CCDC4E0024A12B /* Extensions.swift */,
				E1E0447826CC79E90024A12B /* Views */,
				E1E0446B26CC76370024A12B /* Data */,
				E1E0443426CC74FE0024A12B /* Assets.xcassets */,
				E1E044B926CCF06A0024A12B /* Poppins */,
				E1E0443626CC74FE0024A12B /* Preview Content */,
			);
			path = CovidHRV;
			sourceTree = "<group>";
		};
		E1E0443626CC74FE0024A12B /* Preview Content */ = {
			isa = PBXGroup;
			children = (
				E1E0443726CC74FE0024A12B /* Preview Assets.xcassets */,
			);
			path = "Preview Content";
			sourceTree = "<group>";
		};
		E1E0443F26CC74FE0024A12B /* CovidHRV WatchKit App */ = {
			isa = PBXGroup;
			children = (
				E1E0444026CC75010024A12B /* Assets.xcassets */,
			);
			path = "CovidHRV WatchKit App";
			sourceTree = "<group>";
		};
		E1E0444A26CC75010024A12B /* CovidHRV WatchKit Extension */ = {
			isa = PBXGroup;
			children = (
				E1E0444B26CC75010024A12B /* CovidHRVApp.swift */,
				E1E0444D26CC75010024A12B /* ContentView.swift */,
				E1E0444F26CC75010024A12B /* NotificationController.swift */,
				E1E0445126CC75010024A12B /* NotificationView.swift */,
				E1E0445326CC75010024A12B /* ComplicationController.swift */,
				E1E0445526CC75020024A12B /* Assets.xcassets */,
				E1E0445A26CC75020024A12B /* Info.plist */,
				E1E0445B26CC75020024A12B /* PushNotificationPayload.apns */,
				E1E0445726CC75020024A12B /* Preview Content */,
			);
			path = "CovidHRV WatchKit Extension";
			sourceTree = "<group>";
		};
		E1E0445726CC75020024A12B /* Preview Content */ = {
			isa = PBXGroup;
			children = (
				E1E0445826CC75020024A12B /* Preview Assets.xcassets */,
			);
			path = "Preview Content";
			sourceTree = "<group>";
		};
		E1E0446B26CC76370024A12B /* Data */ = {
			isa = PBXGroup;
			children = (
				E1E0447026CC77F20024A12B /* Health */,
				E1E0447326CC78010024A12B /* ML */,
				E1E0447B26CC7A980024A12B /* Onboarding.swift */,
				E1E044B226CCE4E80024A12B /* Card.swift */,
			);
			path = Data;
			sourceTree = "<group>";
		};
		E1E0447026CC77F20024A12B /* Health */ = {
			isa = PBXGroup;
			children = (
				E1E0446926CC75EF0024A12B /* Health.swift */,
				E1E0446C26CC76450024A12B /* HealthData.swift */,
				E1E0446E26CC764D0024A12B /* TimeData.swift */,
			);
			path = Health;
			sourceTree = "<group>";
		};
		E1E0447326CC78010024A12B /* ML */ = {
			isa = PBXGroup;
			children = (
				E1E0447126CC77FE0024A12B /* ML.swift */,
				E1E0447426CC780A0024A12B /* MLData.swift */,
			);
			path = ML;
			sourceTree = "<group>";
		};
		E1E0447826CC79E90024A12B /* Views */ = {
			isa = PBXGroup;
			children = (
				E1E0448526CCDF830024A12B /* SwiftUICharts  */,
				E1E0443226CC74FB0024A12B /* ContentView.swift */,
				E1E0447926CC7A790024A12B /* OnboardingView.swift */,
				E1E0448026CC82880024A12B /* Home */,
				E1E044B626CCEA2A0024A12B /* ButtonStyles */,
			);
			path = Views;
			sourceTree = "<group>";
		};
		E1E0448026CC82880024A12B /* Home */ = {
			isa = PBXGroup;
			children = (
				E1E0447626CC79E50024A12B /* HomeView.swift */,
				E1E044B726CCEDC10024A12B /* RiskCardView.swift */,
				E1E0448326CCDD1F0024A12B /* FeelingScoreView.swift */,
				E1E044B026CCE43C0024A12B /* CardView.swift */,
				E1E044E826CD58680024A12B /* DataView.swift */,
				E1C313FC26CD8DD1008879FD /* ShareSheet.swift */,
			);
			path = Home;
			sourceTree = "<group>";
		};
		E1E0448526CCDF830024A12B /* SwiftUICharts  */ = {
			isa = PBXGroup;
			children = (
				E1E0448626CCDF830024A12B /* BarChart */,
				E1E0448B26CCDF830024A12B /* ChartView.swift */,
				E1E0448C26CCDF830024A12B /* Helpers.swift */,
				E1E0448D26CCDF830024A12B /* PieChart */,
				E1E0449226CCDF830024A12B /* LineChart */,
			);
			path = "SwiftUICharts ";
			sourceTree = "<group>";
		};
		E1E0448626CCDF830024A12B /* BarChart */ = {
			isa = PBXGroup;
			children = (
				E1E0448726CCDF830024A12B /* BarChartView.swift */,
				E1E0448826CCDF830024A12B /* BarChartRow.swift */,
				E1E0448926CCDF830024A12B /* LabelView.swift */,
				E1E0448A26CCDF830024A12B /* BarChartCell.swift */,
			);
			path = BarChart;
			sourceTree = "<group>";
		};
		E1E0448D26CCDF830024A12B /* PieChart */ = {
			isa = PBXGroup;
			children = (
				E1E0448E26CCDF830024A12B /* PieChartRow.swift */,
				E1E0448F26CCDF830024A12B /* PieChartHelpers.swift */,
				E1E0449026CCDF830024A12B /* PieChartCell.swift */,
				E1E0449126CCDF830024A12B /* PieChartView.swift */,
			);
			path = PieChart;
			sourceTree = "<group>";
		};
		E1E0449226CCDF830024A12B /* LineChart */ = {
			isa = PBXGroup;
			children = (
				E1E0449326CCDF830024A12B /* IndicatorPoint.swift */,
				E1E0449426CCDF830024A12B /* LineView.swift */,
				E1E0449526CCDF830024A12B /* Legend.swift */,
				E1E0449626CCDF830024A12B /* LineChartView.swift */,
				E1E0449726CCDF830024A12B /* MagnifierRect.swift */,
				E1E0449826CCDF830024A12B /* Path+QuadCurve.swift */,
				E1E0449926CCDF830024A12B /* MultiLineChartView.swift */,
				E1E0449A26CCDF830024A12B /* Line.swift */,
			);
			path = LineChart;
			sourceTree = "<group>";
		};
		E1E044B626CCEA2A0024A12B /* ButtonStyles */ = {
			isa = PBXGroup;
			children = (
				E1E044B426CCEA260024A12B /* CTAButtonStyle.swift */,
			);
			path = ButtonStyles;
			sourceTree = "<group>";
		};
		E1E044B926CCF06A0024A12B /* Poppins */ = {
			isa = PBXGroup;
			children = (
				E1E044BA26CCF06A0024A12B /* Poppins-ExtraLight.ttf */,
				E1E044BB26CCF06A0024A12B /* Poppins-ThinItalic.ttf */,
				E1E044BC26CCF06A0024A12B /* Poppins-ExtraLightItalic.ttf */,
				E1E044BD26CCF06A0024A12B /* Poppins-BoldItalic.ttf */,
				E1E044BE26CCF06A0024A12B /* Poppins-Light.ttf */,
				E1E044BF26CCF06A0024A12B /* Poppins-Medium.ttf */,
				E1E044C026CCF06A0024A12B /* Poppins-SemiBoldItalic.ttf */,
				E1E044C126CCF06A0024A12B /* Poppins-ExtraBoldItalic.ttf */,
				E1E044C226CCF06A0024A12B /* Poppins-ExtraBold.ttf */,
				E1E044C326CCF06A0024A12B /* Poppins-BlackItalic.ttf */,
				E1E044C426CCF06A0024A12B /* OFL.txt */,
				E1E044C526CCF06A0024A12B /* Poppins-Regular.ttf */,
				E1E044C626CCF06A0024A12B /* Poppins-LightItalic.ttf */,
				E1E044C726CCF06A0024A12B /* Poppins-Bold.ttf */,
				E1E044C826CCF06A0024A12B /* Poppins-Black.ttf */,
				E1E044C926CCF06A0024A12B /* Poppins-Thin.ttf */,
				E1E044CA26CCF06A0024A12B /* Poppins-SemiBold.ttf */,
				E1E044CB26CCF06A0024A12B /* Poppins-Italic.ttf */,
				E1E044CC26CCF06A0024A12B /* Poppins-MediumItalic.ttf */,
			);
			path = Poppins;
			sourceTree = "<group>";
		};
		E1E044E226CCF22B0024A12B /* Frameworks */ = {
			isa = PBXGroup;
			children = (
				E1E044E326CCF22B0024A12B /* HealthKit.framework */,
			);
			name = Frameworks;
			sourceTree = "<group>";
		};
/* End PBXGroup section */

/* Begin PBXNativeTarget section */
		E1E0442C26CC74FB0024A12B /* CovidHRV */ = {
			isa = PBXNativeTarget;
			buildConfigurationList = E1E0446626CC75020024A12B /* Build configuration list for PBXNativeTarget "CovidHRV" */;
			buildPhases = (
				E1E0442926CC74FB0024A12B /* Sources */,
				E1E0442A26CC74FB0024A12B /* Frameworks */,
				E1E0442B26CC74FB0024A12B /* Resources */,
				E1E0446526CC75020024A12B /* Embed Watch Content */,
			);
			buildRules = (
			);
			dependencies = (
				E1E0443E26CC74FE0024A12B /* PBXTargetDependency */,
			);
			name = CovidHRV;
			packageProductDependencies = (
				E1E0447E26CC7CD30024A12B /* NiceNotifications */,
				E1E044E626CD3C420024A12B /* SFSafeSymbols */,
			);
			productName = CovidHRV;
			productReference = E1E0442D26CC74FB0024A12B /* CovidHRV.app */;
			productType = "com.apple.product-type.application";
		};
		E1E0443A26CC74FE0024A12B /* CovidHRV WatchKit App */ = {
			isa = PBXNativeTarget;
			buildConfigurationList = E1E0446226CC75020024A12B /* Build configuration list for PBXNativeTarget "CovidHRV WatchKit App" */;
			buildPhases = (
				E1E0443926CC74FE0024A12B /* Resources */,
				E1E0446126CC75020024A12B /* Embed App Extensions */,
			);
			buildRules = (
			);
			dependencies = (
				E1E0444926CC75010024A12B /* PBXTargetDependency */,
			);
			name = "CovidHRV WatchKit App";
			productName = "CovidHRV WatchKit App";
			productReference = E1E0443B26CC74FE0024A12B /* CovidHRV WatchKit App.app */;
			productType = "com.apple.product-type.application.watchapp2";
		};
		E1E0444526CC75010024A12B /* CovidHRV WatchKit Extension */ = {
			isa = PBXNativeTarget;
			buildConfigurationList = E1E0445E26CC75020024A12B /* Build configuration list for PBXNativeTarget "CovidHRV WatchKit Extension" */;
			buildPhases = (
				E1E0444226CC75010024A12B /* Sources */,
				E1E0444326CC75010024A12B /* Frameworks */,
				E1E0444426CC75010024A12B /* Resources */,
			);
			buildRules = (
			);
			dependencies = (
			);
			name = "CovidHRV WatchKit Extension";
			productName = "CovidHRV WatchKit Extension";
			productReference = E1E0444626CC75010024A12B /* CovidHRV WatchKit Extension.appex */;
			productType = "com.apple.product-type.watchkit2-extension";
		};
/* End PBXNativeTarget section */

/* Begin PBXProject section */
		E1E0442526CC74FA0024A12B /* Project object */ = {
			isa = PBXProject;
			attributes = {
				BuildIndependentTargetsInParallel = 1;
				LastSwiftUpdateCheck = 1300;
				LastUpgradeCheck = 1300;
				TargetAttributes = {
					E1E0442C26CC74FB0024A12B = {
						CreatedOnToolsVersion = 13.0;
					};
					E1E0443A26CC74FE0024A12B = {
						CreatedOnToolsVersion = 13.0;
					};
					E1E0444526CC75010024A12B = {
						CreatedOnToolsVersion = 13.0;
					};
				};
			};
			buildConfigurationList = E1E0442826CC74FA0024A12B /* Build configuration list for PBXProject "CovidHRV" */;
			compatibilityVersion = "Xcode 13.0";
			developmentRegion = en;
			hasScannedForEncodings = 0;
			knownRegions = (
				en,
				Base,
			);
			mainGroup = E1E0442426CC74FA0024A12B;
			packageReferences = (
				E1E0447D26CC7CD30024A12B /* XCRemoteSwiftPackageReference "NiceNotifications" */,
				E1E044E526CD3C420024A12B /* XCRemoteSwiftPackageReference "SFSafeSymbols" */,
			);
			productRefGroup = E1E0442E26CC74FB0024A12B /* Products */;
			projectDirPath = "";
			projectRoot = "";
			targets = (
				E1E0442C26CC74FB0024A12B /* CovidHRV */,
				E1E0443A26CC74FE0024A12B /* CovidHRV WatchKit App */,
				E1E0444526CC75010024A12B /* CovidHRV WatchKit Extension */,
			);
		};
/* End PBXProject section */

/* Begin PBXResourcesBuildPhase section */
		E1E0442B26CC74FB0024A12B /* Resources */ = {
			isa = PBXResourcesBuildPhase;
			buildActionMask = 2147483647;
			files = (
				E1E044D126CCF06A0024A12B /* Poppins-Light.ttf in Resources */,
				E1E044DB26CCF06A0024A12B /* Poppins-Black.ttf in Resources */,
				E1E044D926CCF06A0024A12B /* Poppins-LightItalic.ttf in Resources */,
				E1E044DC26CCF06A0024A12B /* Poppins-Thin.ttf in Resources */,
				E1E044CD26CCF06A0024A12B /* Poppins-ExtraLight.ttf in Resources */,
				E1E044DD26CCF06A0024A12B /* Poppins-SemiBold.ttf in Resources */,
				E1E044DA26CCF06A0024A12B /* Poppins-Bold.ttf in Resources */,
				E1E044CE26CCF06A0024A12B /* Poppins-ThinItalic.ttf in Resources */,
				E1E044CF26CCF06A0024A12B /* Poppins-ExtraLightItalic.ttf in Resources */,
				E1E044D626CCF06A0024A12B /* Poppins-BlackItalic.ttf in Resources */,
				E1E044D426CCF06A0024A12B /* Poppins-ExtraBoldItalic.ttf in Resources */,
				E1E044D026CCF06A0024A12B /* Poppins-BoldItalic.ttf in Resources */,
				E1E044D326CCF06A0024A12B /* Poppins-SemiBoldItalic.ttf in Resources */,
				E1E044D726CCF06A0024A12B /* OFL.txt in Resources */,
				E1E044D826CCF06A0024A12B /* Poppins-Regular.ttf in Resources */,
				E1E044D526CCF06A0024A12B /* Poppins-ExtraBold.ttf in Resources */,
				E1E044D226CCF06A0024A12B /* Poppins-Medium.ttf in Resources */,
				E1E0443826CC74FE0024A12B /* Preview Assets.xcassets in Resources */,
				E1E044DE26CCF06A0024A12B /* Poppins-Italic.ttf in Resources */,
				E1E044DF26CCF06A0024A12B /* Poppins-MediumItalic.ttf in Resources */,
				E1E0443526CC74FE0024A12B /* Assets.xcassets in Resources */,
			);
			runOnlyForDeploymentPostprocessing = 0;
		};
		E1E0443926CC74FE0024A12B /* Resources */ = {
			isa = PBXResourcesBuildPhase;
			buildActionMask = 2147483647;
			files = (
				E1E0444126CC75010024A12B /* Assets.xcassets in Resources */,
			);
			runOnlyForDeploymentPostprocessing = 0;
		};
		E1E0444426CC75010024A12B /* Resources */ = {
			isa = PBXResourcesBuildPhase;
			buildActionMask = 2147483647;
			files = (
				E1E0445926CC75020024A12B /* Preview Assets.xcassets in Resources */,
				E1E0445626CC75020024A12B /* Assets.xcassets in Resources */,
			);
			runOnlyForDeploymentPostprocessing = 0;
		};
/* End PBXResourcesBuildPhase section */

/* Begin PBXSourcesBuildPhase section */
		E1E0442926CC74FB0024A12B /* Sources */ = {
			isa = PBXSourcesBuildPhase;
			buildActionMask = 2147483647;
			files = (
				E1E0447526CC780A0024A12B /* MLData.swift in Sources */,
				E1E044A126CCDF830024A12B /* PieChartRow.swift in Sources */,
				E1E044A526CCDF830024A12B /* IndicatorPoint.swift in Sources */,
				E1E044A826CCDF830024A12B /* LineChartView.swift in Sources */,
				E1E0443326CC74FB0024A12B /* ContentView.swift in Sources */,
				E1E0449B26CCDF830024A12B /* BarChartView.swift in Sources */,
				E1E044A426CCDF830024A12B /* PieChartView.swift in Sources */,
				E1C313FD26CD8DD1008879FD /* ShareSheet.swift in Sources */,
				E1E044B826CCEDC10024A12B /* RiskCardView.swift in Sources */,
				E1E044A726CCDF830024A12B /* Legend.swift in Sources */,
				E1E0447C26CC7A980024A12B /* Onboarding.swift in Sources */,
				E1E044B126CCE43C0024A12B /* CardView.swift in Sources */,
				E1E044AC26CCDF830024A12B /* Line.swift in Sources */,
				E1E044B526CCEA260024A12B /* CTAButtonStyle.swift in Sources */,
				E1E044AB26CCDF830024A12B /* MultiLineChartView.swift in Sources */,
				E1E0449E26CCDF830024A12B /* BarChartCell.swift in Sources */,
				E1E0446A26CC75EF0024A12B /* Health.swift in Sources */,
				E1E044AA26CCDF830024A12B /* Path+QuadCurve.swift in Sources */,
				E1E044E926CD58680024A12B /* DataView.swift in Sources */,
				E1E0449C26CCDF830024A12B /* BarChartRow.swift in Sources */,
				E1E0447A26CC7A790024A12B /* OnboardingView.swift in Sources */,
				E1E0447226CC77FE0024A12B /* ML.swift in Sources */,
				E1E0448426CCDD1F0024A12B /* FeelingScoreView.swift in Sources */,
				E1E0449F26CCDF830024A12B /* ChartView.swift in Sources */,
				E1E0447726CC79E50024A12B /* HomeView.swift in Sources */,
				E1E044A326CCDF830024A12B /* PieChartCell.swift in Sources */,
				E1E044A026CCDF830024A12B /* Helpers.swift in Sources */,
				E1E044A226CCDF830024A12B /* PieChartHelpers.swift in Sources */,
				E1E0446F26CC764D0024A12B /* TimeData.swift in Sources */,
				E1E044A626CCDF830024A12B /* LineView.swift in Sources */,
				E1E6086226CE8D5100AAA06F /* CovidHRVApp.swift in Sources */,
				E1E0448226CCDC4E0024A12B /* Extensions.swift in Sources */,
				E1E044A926CCDF830024A12B /* MagnifierRect.swift in Sources */,
				E1E0446D26CC76450024A12B /* HealthData.swift in Sources */,
				E1E0449D26CCDF830024A12B /* LabelView.swift in Sources */,
				E1E044B326CCE4E80024A12B /* Card.swift in Sources */,
			);
			runOnlyForDeploymentPostprocessing = 0;
		};
		E1E0444226CC75010024A12B /* Sources */ = {
			isa = PBXSourcesBuildPhase;
			buildActionMask = 2147483647;
			files = (
				E1E0445026CC75010024A12B /* NotificationController.swift in Sources */,
				E1E0444E26CC75010024A12B /* ContentView.swift in Sources */,
				E1E0445426CC75010024A12B /* ComplicationController.swift in Sources */,
				E1E0444C26CC75010024A12B /* CovidHRVApp.swift in Sources */,
				E1E0445226CC75010024A12B /* NotificationView.swift in Sources */,
			);
			runOnlyForDeploymentPostprocessing = 0;
		};
/* End PBXSourcesBuildPhase section */

/* Begin PBXTargetDependency section */
		E1E0443E26CC74FE0024A12B /* PBXTargetDependency */ = {
			isa = PBXTargetDependency;
			target = E1E0443A26CC74FE0024A12B /* CovidHRV WatchKit App */;
			targetProxy = E1E0443D26CC74FE0024A12B /* PBXContainerItemProxy */;
		};
		E1E0444926CC75010024A12B /* PBXTargetDependency */ = {
			isa = PBXTargetDependency;
			target = E1E0444526CC75010024A12B /* CovidHRV WatchKit Extension */;
			targetProxy = E1E0444826CC75010024A12B /* PBXContainerItemProxy */;
		};
/* End PBXTargetDependency section */

/* Begin XCBuildConfiguration section */
		E1E0445C26CC75020024A12B /* Debug */ = {
			isa = XCBuildConfiguration;
			buildSettings = {
				ALWAYS_SEARCH_USER_PATHS = NO;
				CLANG_ANALYZER_NONNULL = YES;
				CLANG_ANALYZER_NUMBER_OBJECT_CONVERSION = YES_AGGRESSIVE;
				CLANG_CXX_LANGUAGE_STANDARD = "gnu++17";
				CLANG_CXX_LIBRARY = "libc++";
				CLANG_ENABLE_MODULES = YES;
				CLANG_ENABLE_OBJC_ARC = YES;
				CLANG_ENABLE_OBJC_WEAK = YES;
				CLANG_WARN_BLOCK_CAPTURE_AUTORELEASING = YES;
				CLANG_WARN_BOOL_CONVERSION = YES;
				CLANG_WARN_COMMA = YES;
				CLANG_WARN_CONSTANT_CONVERSION = YES;
				CLANG_WARN_DEPRECATED_OBJC_IMPLEMENTATIONS = YES;
				CLANG_WARN_DIRECT_OBJC_ISA_USAGE = YES_ERROR;
				CLANG_WARN_DOCUMENTATION_COMMENTS = YES;
				CLANG_WARN_EMPTY_BODY = YES;
				CLANG_WARN_ENUM_CONVERSION = YES;
				CLANG_WARN_INFINITE_RECURSION = YES;
				CLANG_WARN_INT_CONVERSION = YES;
				CLANG_WARN_NON_LITERAL_NULL_CONVERSION = YES;
				CLANG_WARN_OBJC_IMPLICIT_RETAIN_SELF = YES;
				CLANG_WARN_OBJC_LITERAL_CONVERSION = YES;
				CLANG_WARN_OBJC_ROOT_CLASS = YES_ERROR;
				CLANG_WARN_QUOTED_INCLUDE_IN_FRAMEWORK_HEADER = YES;
				CLANG_WARN_RANGE_LOOP_ANALYSIS = YES;
				CLANG_WARN_STRICT_PROTOTYPES = YES;
				CLANG_WARN_SUSPICIOUS_MOVE = YES;
				CLANG_WARN_UNGUARDED_AVAILABILITY = YES_AGGRESSIVE;
				CLANG_WARN_UNREACHABLE_CODE = YES;
				CLANG_WARN__DUPLICATE_METHOD_MATCH = YES;
				COPY_PHASE_STRIP = NO;
				DEBUG_INFORMATION_FORMAT = dwarf;
				ENABLE_STRICT_OBJC_MSGSEND = YES;
				ENABLE_TESTABILITY = YES;
				GCC_C_LANGUAGE_STANDARD = gnu11;
				GCC_DYNAMIC_NO_PIC = NO;
				GCC_NO_COMMON_BLOCKS = YES;
				GCC_OPTIMIZATION_LEVEL = 0;
				GCC_PREPROCESSOR_DEFINITIONS = (
					"DEBUG=1",
					"$(inherited)",
				);
				GCC_WARN_64_TO_32_BIT_CONVERSION = YES;
				GCC_WARN_ABOUT_RETURN_TYPE = YES_ERROR;
				GCC_WARN_UNDECLARED_SELECTOR = YES;
				GCC_WARN_UNINITIALIZED_AUTOS = YES_AGGRESSIVE;
				GCC_WARN_UNUSED_FUNCTION = YES;
				GCC_WARN_UNUSED_VARIABLE = YES;
				MTL_ENABLE_DEBUG_INFO = INCLUDE_SOURCE;
				MTL_FAST_MATH = YES;
				ONLY_ACTIVE_ARCH = YES;
				SWIFT_ACTIVE_COMPILATION_CONDITIONS = DEBUG;
				SWIFT_OPTIMIZATION_LEVEL = "-Onone";
			};
			name = Debug;
		};
		E1E0445D26CC75020024A12B /* Release */ = {
			isa = XCBuildConfiguration;
			buildSettings = {
				ALWAYS_SEARCH_USER_PATHS = NO;
				CLANG_ANALYZER_NONNULL = YES;
				CLANG_ANALYZER_NUMBER_OBJECT_CONVERSION = YES_AGGRESSIVE;
				CLANG_CXX_LANGUAGE_STANDARD = "gnu++17";
				CLANG_CXX_LIBRARY = "libc++";
				CLANG_ENABLE_MODULES = YES;
				CLANG_ENABLE_OBJC_ARC = YES;
				CLANG_ENABLE_OBJC_WEAK = YES;
				CLANG_WARN_BLOCK_CAPTURE_AUTORELEASING = YES;
				CLANG_WARN_BOOL_CONVERSION = YES;
				CLANG_WARN_COMMA = YES;
				CLANG_WARN_CONSTANT_CONVERSION = YES;
				CLANG_WARN_DEPRECATED_OBJC_IMPLEMENTATIONS = YES;
				CLANG_WARN_DIRECT_OBJC_ISA_USAGE = YES_ERROR;
				CLANG_WARN_DOCUMENTATION_COMMENTS = YES;
				CLANG_WARN_EMPTY_BODY = YES;
				CLANG_WARN_ENUM_CONVERSION = YES;
				CLANG_WARN_INFINITE_RECURSION = YES;
				CLANG_WARN_INT_CONVERSION = YES;
				CLANG_WARN_NON_LITERAL_NULL_CONVERSION = YES;
				CLANG_WARN_OBJC_IMPLICIT_RETAIN_SELF = YES;
				CLANG_WARN_OBJC_LITERAL_CONVERSION = YES;
				CLANG_WARN_OBJC_ROOT_CLASS = YES_ERROR;
				CLANG_WARN_QUOTED_INCLUDE_IN_FRAMEWORK_HEADER = YES;
				CLANG_WARN_RANGE_LOOP_ANALYSIS = YES;
				CLANG_WARN_STRICT_PROTOTYPES = YES;
				CLANG_WARN_SUSPICIOUS_MOVE = YES;
				CLANG_WARN_UNGUARDED_AVAILABILITY = YES_AGGRESSIVE;
				CLANG_WARN_UNREACHABLE_CODE = YES;
				CLANG_WARN__DUPLICATE_METHOD_MATCH = YES;
				COPY_PHASE_STRIP = NO;
				DEBUG_INFORMATION_FORMAT = "dwarf-with-dsym";
				ENABLE_NS_ASSERTIONS = NO;
				ENABLE_STRICT_OBJC_MSGSEND = YES;
				GCC_C_LANGUAGE_STANDARD = gnu11;
				GCC_NO_COMMON_BLOCKS = YES;
				GCC_WARN_64_TO_32_BIT_CONVERSION = YES;
				GCC_WARN_ABOUT_RETURN_TYPE = YES_ERROR;
				GCC_WARN_UNDECLARED_SELECTOR = YES;
				GCC_WARN_UNINITIALIZED_AUTOS = YES_AGGRESSIVE;
				GCC_WARN_UNUSED_FUNCTION = YES;
				GCC_WARN_UNUSED_VARIABLE = YES;
				MTL_ENABLE_DEBUG_INFO = NO;
				MTL_FAST_MATH = YES;
				SWIFT_COMPILATION_MODE = wholemodule;
				SWIFT_OPTIMIZATION_LEVEL = "-O";
			};
			name = Release;
		};
		E1E0445F26CC75020024A12B /* Debug */ = {
			isa = XCBuildConfiguration;
			buildSettings = {
				ASSETCATALOG_COMPILER_COMPLICATION_NAME = Complication;
				CODE_SIGN_STYLE = Automatic;
				CURRENT_PROJECT_VERSION = 1;
				DEVELOPMENT_ASSET_PATHS = "\"CovidHRV WatchKit Extension/Preview Content\"";
				DEVELOPMENT_TEAM = 9NG3C5HP77;
				ENABLE_PREVIEWS = YES;
				GENERATE_INFOPLIST_FILE = YES;
				INFOPLIST_FILE = "CovidHRV WatchKit Extension/Info.plist";
				INFOPLIST_KEY_CFBundleDisplayName = "CovidHRV WatchKit Extension";
				INFOPLIST_KEY_CLKComplicationPrincipalClass = "$(PRODUCT_MODULE_NAME).ComplicationController";
				INFOPLIST_KEY_NSHumanReadableCopyright = "";
				INFOPLIST_KEY_WKRunsIndependentlyOfCompanionApp = YES;
				LD_RUNPATH_SEARCH_PATHS = (
					"$(inherited)",
					"@executable_path/Frameworks",
					"@executable_path/../../Frameworks",
				);
				MARKETING_VERSION = 1.0;
				PRODUCT_BUNDLE_IDENTIFIER = com.Ai.CovidHRV.watchkitapp.watchkitextension;
				PRODUCT_NAME = "${TARGET_NAME}";
				SDKROOT = watchos;
				SKIP_INSTALL = YES;
				SWIFT_EMIT_LOC_STRINGS = YES;
				SWIFT_VERSION = 5.0;
				TARGETED_DEVICE_FAMILY = 4;
				WATCHOS_DEPLOYMENT_TARGET = 8.0;
			};
			name = Debug;
		};
		E1E0446026CC75020024A12B /* Release */ = {
			isa = XCBuildConfiguration;
			buildSettings = {
				ASSETCATALOG_COMPILER_COMPLICATION_NAME = Complication;
				CODE_SIGN_STYLE = Automatic;
				CURRENT_PROJECT_VERSION = 1;
				DEVELOPMENT_ASSET_PATHS = "\"CovidHRV WatchKit Extension/Preview Content\"";
				DEVELOPMENT_TEAM = 9NG3C5HP77;
				ENABLE_PREVIEWS = YES;
				GENERATE_INFOPLIST_FILE = YES;
				INFOPLIST_FILE = "CovidHRV WatchKit Extension/Info.plist";
				INFOPLIST_KEY_CFBundleDisplayName = "CovidHRV WatchKit Extension";
				INFOPLIST_KEY_CLKComplicationPrincipalClass = "$(PRODUCT_MODULE_NAME).ComplicationController";
				INFOPLIST_KEY_NSHumanReadableCopyright = "";
				INFOPLIST_KEY_WKRunsIndependentlyOfCompanionApp = YES;
				LD_RUNPATH_SEARCH_PATHS = (
					"$(inherited)",
					"@executable_path/Frameworks",
					"@executable_path/../../Frameworks",
				);
				MARKETING_VERSION = 1.0;
				PRODUCT_BUNDLE_IDENTIFIER = com.Ai.CovidHRV.watchkitapp.watchkitextension;
				PRODUCT_NAME = "${TARGET_NAME}";
				SDKROOT = watchos;
				SKIP_INSTALL = YES;
				SWIFT_EMIT_LOC_STRINGS = YES;
				SWIFT_VERSION = 5.0;
				TARGETED_DEVICE_FAMILY = 4;
				VALIDATE_PRODUCT = YES;
				WATCHOS_DEPLOYMENT_TARGET = 8.0;
			};
			name = Release;
		};
		E1E0446326CC75020024A12B /* Debug */ = {
			isa = XCBuildConfiguration;
			buildSettings = {
				ALWAYS_EMBED_SWIFT_STANDARD_LIBRARIES = YES;
				ASSETCATALOG_COMPILER_APPICON_NAME = AppIcon;
				ASSETCATALOG_COMPILER_GLOBAL_ACCENT_COLOR_NAME = AccentColor;
				CODE_SIGN_STYLE = Automatic;
				CURRENT_PROJECT_VERSION = 1;
				DEVELOPMENT_TEAM = 9NG3C5HP77;
				GENERATE_INFOPLIST_FILE = YES;
				IBSC_MODULE = CovidHRV_WatchKit_Extension;
				INFOPLIST_KEY_CFBundleDisplayName = "CovidHRV WatchKit App";
				INFOPLIST_KEY_UISupportedInterfaceOrientations = "UIInterfaceOrientationPortrait UIInterfaceOrientationPortraitUpsideDown";
				INFOPLIST_KEY_WKCompanionAppBundleIdentifier = com.Ai.CovidHRV;
				MARKETING_VERSION = 1.0;
				PRODUCT_BUNDLE_IDENTIFIER = com.Ai.CovidHRV.watchkitapp;
				PRODUCT_NAME = "$(TARGET_NAME)";
				SDKROOT = watchos;
				SKIP_INSTALL = YES;
				SWIFT_EMIT_LOC_STRINGS = YES;
				SWIFT_VERSION = 5.0;
				TARGETED_DEVICE_FAMILY = 4;
				WATCHOS_DEPLOYMENT_TARGET = 8.0;
			};
			name = Debug;
		};
		E1E0446426CC75020024A12B /* Release */ = {
			isa = XCBuildConfiguration;
			buildSettings = {
				ALWAYS_EMBED_SWIFT_STANDARD_LIBRARIES = YES;
				ASSETCATALOG_COMPILER_APPICON_NAME = AppIcon;
				ASSETCATALOG_COMPILER_GLOBAL_ACCENT_COLOR_NAME = AccentColor;
				CODE_SIGN_STYLE = Automatic;
				CURRENT_PROJECT_VERSION = 1;
				DEVELOPMENT_TEAM = 9NG3C5HP77;
				GENERATE_INFOPLIST_FILE = YES;
				IBSC_MODULE = CovidHRV_WatchKit_Extension;
				INFOPLIST_KEY_CFBundleDisplayName = "CovidHRV WatchKit App";
				INFOPLIST_KEY_UISupportedInterfaceOrientations = "UIInterfaceOrientationPortrait UIInterfaceOrientationPortraitUpsideDown";
				INFOPLIST_KEY_WKCompanionAppBundleIdentifier = com.Ai.CovidHRV;
				MARKETING_VERSION = 1.0;
				PRODUCT_BUNDLE_IDENTIFIER = com.Ai.CovidHRV.watchkitapp;
				PRODUCT_NAME = "$(TARGET_NAME)";
				SDKROOT = watchos;
				SKIP_INSTALL = YES;
				SWIFT_EMIT_LOC_STRINGS = YES;
				SWIFT_VERSION = 5.0;
				TARGETED_DEVICE_FAMILY = 4;
				VALIDATE_PRODUCT = YES;
				WATCHOS_DEPLOYMENT_TARGET = 8.0;
			};
			name = Release;
		};
		E1E0446726CC75020024A12B /* Debug */ = {
			isa = XCBuildConfiguration;
			buildSettings = {
				ASSETCATALOG_COMPILER_APPICON_NAME = AppIcon;
				ASSETCATALOG_COMPILER_GLOBAL_ACCENT_COLOR_NAME = AccentColor;
				CODE_SIGN_ENTITLEMENTS = CovidHRV/CovidHRV.entitlements;
				CODE_SIGN_STYLE = Automatic;
				CURRENT_PROJECT_VERSION = 1;
				DEVELOPMENT_ASSET_PATHS = "\"CovidHRV/Preview Content\"";
				DEVELOPMENT_TEAM = 9NG3C5HP77;
				ENABLE_PREVIEWS = YES;
				GENERATE_INFOPLIST_FILE = YES;
				INFOPLIST_FILE = CovidHRV/Info.plist;
				INFOPLIST_KEY_NSHealthShareUsageDescription = "To compare data";
				INFOPLIST_KEY_NSHealthUpdateUsageDescription = "To track Parkinson's";
				INFOPLIST_KEY_UIApplicationSceneManifest_Generation = YES;
				INFOPLIST_KEY_UIApplicationSupportsIndirectInputEvents = YES;
				INFOPLIST_KEY_UILaunchScreen_Generation = YES;
				INFOPLIST_KEY_UISupportedInterfaceOrientations_iPad = "UIInterfaceOrientationPortrait UIInterfaceOrientationPortraitUpsideDown UIInterfaceOrientationLandscapeLeft UIInterfaceOrientationLandscapeRight";
				INFOPLIST_KEY_UISupportedInterfaceOrientations_iPhone = "UIInterfaceOrientationPortrait UIInterfaceOrientationLandscapeLeft UIInterfaceOrientationLandscapeRight";
				IPHONEOS_DEPLOYMENT_TARGET = 15.0;
				LD_RUNPATH_SEARCH_PATHS = (
					"$(inherited)",
					"@executable_path/Frameworks",
				);
				MARKETING_VERSION = 1.0;
				PRODUCT_BUNDLE_IDENTIFIER = com.Ai.CovidHRV;
				PRODUCT_NAME = "$(TARGET_NAME)";
				SDKROOT = iphoneos;
				SWIFT_EMIT_LOC_STRINGS = YES;
				SWIFT_VERSION = 5.0;
				TARGETED_DEVICE_FAMILY = "1,2";
			};
			name = Debug;
		};
		E1E0446826CC75020024A12B /* Release */ = {
			isa = XCBuildConfiguration;
			buildSettings = {
				ASSETCATALOG_COMPILER_APPICON_NAME = AppIcon;
				ASSETCATALOG_COMPILER_GLOBAL_ACCENT_COLOR_NAME = AccentColor;
				CODE_SIGN_ENTITLEMENTS = CovidHRV/CovidHRV.entitlements;
				CODE_SIGN_STYLE = Automatic;
				CURRENT_PROJECT_VERSION = 1;
				DEVELOPMENT_ASSET_PATHS = "\"CovidHRV/Preview Content\"";
				DEVELOPMENT_TEAM = 9NG3C5HP77;
				ENABLE_PREVIEWS = YES;
				GENERATE_INFOPLIST_FILE = YES;
				INFOPLIST_FILE = CovidHRV/Info.plist;
				INFOPLIST_KEY_NSHealthShareUsageDescription = "To compare data";
				INFOPLIST_KEY_NSHealthUpdateUsageDescription = "To track Parkinson's";
				INFOPLIST_KEY_UIApplicationSceneManifest_Generation = YES;
				INFOPLIST_KEY_UIApplicationSupportsIndirectInputEvents = YES;
				INFOPLIST_KEY_UILaunchScreen_Generation = YES;
				INFOPLIST_KEY_UISupportedInterfaceOrientations_iPad = "UIInterfaceOrientationPortrait UIInterfaceOrientationPortraitUpsideDown UIInterfaceOrientationLandscapeLeft UIInterfaceOrientationLandscapeRight";
				INFOPLIST_KEY_UISupportedInterfaceOrientations_iPhone = "UIInterfaceOrientationPortrait UIInterfaceOrientationLandscapeLeft UIInterfaceOrientationLandscapeRight";
				IPHONEOS_DEPLOYMENT_TARGET = 15.0;
				LD_RUNPATH_SEARCH_PATHS = (
					"$(inherited)",
					"@executable_path/Frameworks",
				);
				MARKETING_VERSION = 1.0;
				PRODUCT_BUNDLE_IDENTIFIER = com.Ai.CovidHRV;
				PRODUCT_NAME = "$(TARGET_NAME)";
				SDKROOT = iphoneos;
				SWIFT_EMIT_LOC_STRINGS = YES;
				SWIFT_VERSION = 5.0;
				TARGETED_DEVICE_FAMILY = "1,2";
				VALIDATE_PRODUCT = YES;
			};
			name = Release;
		};
/* End XCBuildConfiguration section */

/* Begin XCConfigurationList section */
		E1E0442826CC74FA0024A12B /* Build configuration list for PBXProject "CovidHRV" */ = {
			isa = XCConfigurationList;
			buildConfigurations = (
				E1E0445C26CC75020024A12B /* Debug */,
				E1E0445D26CC75020024A12B /* Release */,
			);
			defaultConfigurationIsVisible = 0;
			defaultConfigurationName = Release;
		};
		E1E0445E26CC75020024A12B /* Build configuration list for PBXNativeTarget "CovidHRV WatchKit Extension" */ = {
			isa = XCConfigurationList;
			buildConfigurations = (
				E1E0445F26CC75020024A12B /* Debug */,
				E1E0446026CC75020024A12B /* Release */,
			);
			defaultConfigurationIsVisible = 0;
			defaultConfigurationName = Release;
		};
		E1E0446226CC75020024A12B /* Build configuration list for PBXNativeTarget "CovidHRV WatchKit App" */ = {
			isa = XCConfigurationList;
			buildConfigurations = (
				E1E0446326CC75020024A12B /* Debug */,
				E1E0446426CC75020024A12B /* Release */,
			);
			defaultConfigurationIsVisible = 0;
			defaultConfigurationName = Release;
		};
		E1E0446626CC75020024A12B /* Build configuration list for PBXNativeTarget "CovidHRV" */ = {
			isa = XCConfigurationList;
			buildConfigurations = (
				E1E0446726CC75020024A12B /* Debug */,
				E1E0446826CC75020024A12B /* Release */,
			);
			defaultConfigurationIsVisible = 0;
			defaultConfigurationName = Release;
		};
/* End XCConfigurationList section */

/* Begin XCRemoteSwiftPackageReference section */
		E1E0447D26CC7CD30024A12B /* XCRemoteSwiftPackageReference "NiceNotifications" */ = {
			isa = XCRemoteSwiftPackageReference;
			repositoryURL = "https://github.com/nicephoton/NiceNotifications.git";
			requirement = {
				branch = main;
				kind = branch;
			};
		};
		E1E044E526CD3C420024A12B /* XCRemoteSwiftPackageReference "SFSafeSymbols" */ = {
			isa = XCRemoteSwiftPackageReference;
			repositoryURL = "https://github.com/piknotech/SFSafeSymbols.git";
			requirement = {
				branch = stable;
				kind = branch;
			};
		};
/* End XCRemoteSwiftPackageReference section */

/* Begin XCSwiftPackageProductDependency section */
		E1E0447E26CC7CD30024A12B /* NiceNotifications */ = {
			isa = XCSwiftPackageProductDependency;
			package = E1E0447D26CC7CD30024A12B /* XCRemoteSwiftPackageReference "NiceNotifications" */;
			productName = NiceNotifications;
		};
		E1E044E626CD3C420024A12B /* SFSafeSymbols */ = {
			isa = XCSwiftPackageProductDependency;
			package = E1E044E526CD3C420024A12B /* XCRemoteSwiftPackageReference "SFSafeSymbols" */;
			productName = SFSafeSymbols;
		};
/* End XCSwiftPackageProductDependency section */
	};
	rootObject = E1E0442526CC74FA0024A12B /* Project object */;
}
