{
  "object": {
    "pins": [
      {
        "package": "DateBuilder",
        "repositoryURL": "https://github.com/nicephoton/DateBuilder",
        "state": {
          "branch": null,
          "revision": "3cb1361a7c4c6564b8e6c8e4c2a7767ea8808c8a",
          "version": "0.1.0"
        }
      },
      {
        "package": "NiceNotifications",
        "repositoryURL": "https://github.com/nicephoton/NiceNotifications.git",
        "state": {
          "branch": "main",
          "revision": "ea753d0c2cc83a96bb297e25aed9ce3d92be63e6",
          "version": null
        }
      },
      {
        "package": "SFSafeSymbols",
        "repositoryURL": "https://github.com/piknotech/SFSafeSymbols.git",
        "state": {
          "branch": "stable",
          "revision": "4fda3f8f7d4748c3fb9ea463dde5305b3b5512b5",
          "version": null
        }
      }
    ]
  },
  "version": 1
}
